
Microsoft Visual Studio Solution File, Format Version 12.00
# Visual Studio 14
VisualStudioVersion = 14.0.25420.1
MinimumVisualStudioVersion = 10.0.40219.1
Project("{FAE04EC0-301F-11D3-BF4B-00C04F79EFBC}") = "NancyExampleLib", "NancyExampleLib\NancyExampleLib.csproj", "{83D7BECC-E653-423F-BF2D-BC9512180DE8}"
EndProject
Project("{FAE04EC0-301F-11D3-BF4B-00C04F79EFBC}") = "NancyExampleConsole", "NancyExampleConsole\NancyExampleConsole.csproj", "{13F3E386-F2AE-46A7-90F1-FE5330561B73}"
EndProject
Global
	GlobalSection(SolutionConfigurationPlatforms) = preSolution
		Debug|Any CPU = Debug|Any CPU
		Release|Any CPU = Release|Any CPU
	EndGlobalSection
	GlobalSection(ProjectConfigurationPlatforms) = postSolution
		{83D7BECC-E653-423F-BF2D-BC9512180DE8}.Debug|Any CPU.ActiveCfg = Debug|Any CPU
		{83D7BECC-E653-423F-BF2D-BC9512180DE8}.Debug|Any CPU.Build.0 = Debug|Any CPU
		{83D7BECC-E653-423F-BF2D-BC9512180DE8}.Release|Any CPU.ActiveCfg = Release|Any CPU
		{83D7BECC-E653-423F-BF2D-BC9512180DE8}.Release|Any CPU.Build.0 = Release|Any CPU
		{13F3E386-F2AE-46A7-90F1-FE5330561B73}.Debug|Any CPU.ActiveCfg = Debug|Any CPU
		{13F3E386-F2AE-46A7-90F1-FE5330561B73}.Debug|Any CPU.Build.0 = Debug|Any CPU
		{13F3E386-F2AE-46A7-90F1-FE5330561B73}.Release|Any CPU.ActiveCfg = Release|Any CPU
		{13F3E386-F2AE-46A7-90F1-FE5330561B73}.Release|Any CPU.Build.0 = Release|Any CPU
	EndGlobalSection
	GlobalSection(SolutionProperties) = preSolution
		HideSolutionNode = FALSE
	EndGlobalSection
EndGlobal
